
Microsoft Visual Studio Solution File, Format Version 12.00
# Visual Studio Version 16
VisualStudioVersion = 16.0.29418.71
MinimumVisualStudioVersion = 10.0.40219.1
Project("{2150E333-8FDC-42A3-9474-1A3956D46DE8}") = "Production", "Production", "{F29906F5-568C-47F1-A24E-D60217046BE0}"
EndProject
Project("{2150E333-8FDC-42A3-9474-1A3956D46DE8}") = "Common", "Common", "{1306040A-6A82-453E-998F-EC2477A000B3}"
EndProject
Project("{2150E333-8FDC-42A3-9474-1A3956D46DE8}") = "Src", "Src", "{6227C55F-9F69-40FF-A9CB-2A5EED91CAFB}"
EndProject
Project("{2150E333-8FDC-42A3-9474-1A3956D46DE8}") = "Tests", "Tests", "{6A203FD1-EA47-48F3-AF88-87C942BDF205}"
EndProject
Project("{2150E333-8FDC-42A3-9474-1A3956D46DE8}") = "Src", "Src", "{E0D76192-C583-48E1-91B6-644C1165F675}"
EndProject
Project("{2150E333-8FDC-42A3-9474-1A3956D46DE8}") = "Test", "Test", "{2EF7FB93-A3A8-419E-95C3-1FFA3B72F7C1}"
EndProject
Project("{2150E333-8FDC-42A3-9474-1A3956D46DE8}") = "Presentation", "Presentation", "{4BE6A4A8-DF47-451B-BB99-EA6C0499C815}"
EndProject
Project("{2150E333-8FDC-42A3-9474-1A3956D46DE8}") = "Core", "Core", "{D914211C-4F35-4578-BF7B-DAE1F707357E}"
EndProject
Project("{2150E333-8FDC-42A3-9474-1A3956D46DE8}") = "Core", "Core", "{D8BB0946-B10D-4C9C-9D89-5B50722C464D}"
EndProject
Project("{9A19103F-16F7-4668-BE54-9A1E7A4F7556}") = "MRKT.Product.Application", "MRKT.Product.Application\MRKT.Product.Application.csproj", "{EE54020F-F7DF-4C9A-B48A-FE43D7E9D5BE}"
EndProject
Project("{2150E333-8FDC-42A3-9474-1A3956D46DE8}") = "Infrastucture", "Infrastucture", "{93BCCB0A-1741-4C61-89DE-98276203E23F}"
EndProject
Project("{2150E333-8FDC-42A3-9474-1A3956D46DE8}") = "Payment", "Payment", "{03FEE162-3E87-40BC-A01F-7E4AD8480C00}"
EndProject
Project("{2150E333-8FDC-42A3-9474-1A3956D46DE8}") = "Identity", "Identity", "{3C20AA98-8727-403A-AB09-B40C32F1F155}"
EndProject
Project("{9A19103F-16F7-4668-BE54-9A1E7A4F7556}") = "MRKT.Product.Launcher", "MRKT.Product.Launcher\MRKT.Product.Launcher.csproj", "{A593C03D-C825-4BF9-9654-81E33D2A91BC}"
EndProject
Project("{9A19103F-16F7-4668-BE54-9A1E7A4F7556}") = "MRKT.Common.Persistence", "MRKT.Common.Persistence\MRKT.Common.Persistence.csproj", "{55826F07-0893-414C-A691-3D032691A2B3}"
EndProject
Project("{9A19103F-16F7-4668-BE54-9A1E7A4F7556}") = "MRKT.Common.Domain", "MRKT.Common.Domain\MRKT.Common.Domain.csproj", "{E7A219EB-00D7-485A-BF43-2B8347E80EA0}"
EndProject
Project("{9A19103F-16F7-4668-BE54-9A1E7A4F7556}") = "MRKT.Common.Application", "MRKT.Common.Application\MRKT.Common.Application.csproj", "{F46D94FA-CDAF-480E-93E2-B9F203F6BFD0}"
EndProject
Project("{9A19103F-16F7-4668-BE54-9A1E7A4F7556}") = "MRKT.Common.Infrastructure", "MRKT.Common.Infrastructure\MRKT.Common.Infrastructure.csproj", "{BAB14166-BDB6-4AD2-A607-6B87158772CB}"
EndProject
Project("{9A19103F-16F7-4668-BE54-9A1E7A4F7556}") = "MRKT.Common.Domain.Test", "MRKT.Common.Domain.Test\MRKT.Common.Domain.Test.csproj", "{61B69B54-07F5-40B1-97B1-8B3188904FE4}"
EndProject
Project("{9A19103F-16F7-4668-BE54-9A1E7A4F7556}") = "MRKT.Common.Persistence.Test", "MRKT.Common.Persistence.Test\MRKT.Common.Persistence.Test.csproj", "{292B1714-9E8B-4EAD-8268-1C3F6A021FAD}"
EndProject
Project("{9A19103F-16F7-4668-BE54-9A1E7A4F7556}") = "MRKT.Common.Infrastructure.Test", "MRKT.Common.Infrastructure.Test\MRKT.Common.Infrastructure.Test.csproj", "{90BFD252-C9D7-484A-A21A-B413F7D5EFF9}"
EndProject
Project("{9A19103F-16F7-4668-BE54-9A1E7A4F7556}") = "MRKT.Common.Application.test", "MRKT.Common.Application.test\MRKT.Common.Application.test.csproj", "{CA2F2007-F5F4-419A-B62B-499D773448FF}"
EndProject
Project("{2150E333-8FDC-42A3-9474-1A3956D46DE8}") = "Src", "Src", "{8F94F71F-BE7E-4CA9-97FF-B196E17D9FC3}"
EndProject
Project("{2150E333-8FDC-42A3-9474-1A3956D46DE8}") = "Core", "Core", "{4C6B2B28-24A1-4E77-9AA5-89086E3E9130}"
EndProject
Project("{2150E333-8FDC-42A3-9474-1A3956D46DE8}") = "Presentation", "Presentation", "{4ABEB72A-246E-414A-A38C-98D5BF3B189D}"
EndProject
Project("{9A19103F-16F7-4668-BE54-9A1E7A4F7556}") = "MRKT.Identity.Application", "MRKT.Identity.Application\MRKT.Identity.Application.csproj", "{28FF8FD5-BC7B-44C9-A937-9BB85AC983E5}"
EndProject
Project("{9A19103F-16F7-4668-BE54-9A1E7A4F7556}") = "MRKT.Identity.Launcher", "MRKT.Identity.Launcher\MRKT.Identity.Launcher.csproj", "{06FA9DFF-74D8-4F48-A49E-92AF5CD6921D}"
EndProject
Project("{FAE04EC0-301F-11D3-BF4B-00C04F79EFBC}") = "MRKT.Identity.Persistence", "MRKT.Identity.Persistence\MRKT.Identity.Persistence.csproj", "{E0BEE2BC-8BE1-4BB3-BC6D-DB15DAA338DC}"
EndProject
Project("{FAE04EC0-301F-11D3-BF4B-00C04F79EFBC}") = "MRKT.Product.Persistence", "MRKT.Product.Persistence\MRKT.Product.Persistence.csproj", "{6D3072F3-D24A-4105-A28D-F6C81D946DE6}"
EndProject
Global
	GlobalSection(SolutionConfigurationPlatforms) = preSolution
		Debug|Any CPU = Debug|Any CPU
		Release|Any CPU = Release|Any CPU
	EndGlobalSection
	GlobalSection(ProjectConfigurationPlatforms) = postSolution
		{EE54020F-F7DF-4C9A-B48A-FE43D7E9D5BE}.Debug|Any CPU.ActiveCfg = Debug|Any CPU
		{EE54020F-F7DF-4C9A-B48A-FE43D7E9D5BE}.Debug|Any CPU.Build.0 = Debug|Any CPU
		{EE54020F-F7DF-4C9A-B48A-FE43D7E9D5BE}.Release|Any CPU.ActiveCfg = Release|Any CPU
		{EE54020F-F7DF-4C9A-B48A-FE43D7E9D5BE}.Release|Any CPU.Build.0 = Release|Any CPU
		{A593C03D-C825-4BF9-9654-81E33D2A91BC}.Debug|Any CPU.ActiveCfg = Debug|Any CPU
		{A593C03D-C825-4BF9-9654-81E33D2A91BC}.Debug|Any CPU.Build.0 = Debug|Any CPU
		{A593C03D-C825-4BF9-9654-81E33D2A91BC}.Release|Any CPU.ActiveCfg = Release|Any CPU
		{A593C03D-C825-4BF9-9654-81E33D2A91BC}.Release|Any CPU.Build.0 = Release|Any CPU
		{55826F07-0893-414C-A691-3D032691A2B3}.Debug|Any CPU.ActiveCfg = Debug|Any CPU
		{55826F07-0893-414C-A691-3D032691A2B3}.Debug|Any CPU.Build.0 = Debug|Any CPU
		{55826F07-0893-414C-A691-3D032691A2B3}.Release|Any CPU.ActiveCfg = Release|Any CPU
		{55826F07-0893-414C-A691-3D032691A2B3}.Release|Any CPU.Build.0 = Release|Any CPU
		{E7A219EB-00D7-485A-BF43-2B8347E80EA0}.Debug|Any CPU.ActiveCfg = Debug|Any CPU
		{E7A219EB-00D7-485A-BF43-2B8347E80EA0}.Debug|Any CPU.Build.0 = Debug|Any CPU
		{E7A219EB-00D7-485A-BF43-2B8347E80EA0}.Release|Any CPU.ActiveCfg = Release|Any CPU
		{E7A219EB-00D7-485A-BF43-2B8347E80EA0}.Release|Any CPU.Build.0 = Release|Any CPU
		{F46D94FA-CDAF-480E-93E2-B9F203F6BFD0}.Debug|Any CPU.ActiveCfg = Debug|Any CPU
		{F46D94FA-CDAF-480E-93E2-B9F203F6BFD0}.Debug|Any CPU.Build.0 = Debug|Any CPU
		{F46D94FA-CDAF-480E-93E2-B9F203F6BFD0}.Release|Any CPU.ActiveCfg = Release|Any CPU
		{F46D94FA-CDAF-480E-93E2-B9F203F6BFD0}.Release|Any CPU.Build.0 = Release|Any CPU
		{BAB14166-BDB6-4AD2-A607-6B87158772CB}.Debug|Any CPU.ActiveCfg = Debug|Any CPU
		{BAB14166-BDB6-4AD2-A607-6B87158772CB}.Debug|Any CPU.Build.0 = Debug|Any CPU
		{BAB14166-BDB6-4AD2-A607-6B87158772CB}.Release|Any CPU.ActiveCfg = Release|Any CPU
		{BAB14166-BDB6-4AD2-A607-6B87158772CB}.Release|Any CPU.Build.0 = Release|Any CPU
		{61B69B54-07F5-40B1-97B1-8B3188904FE4}.Debug|Any CPU.ActiveCfg = Debug|Any CPU
		{61B69B54-07F5-40B1-97B1-8B3188904FE4}.Debug|Any CPU.Build.0 = Debug|Any CPU
		{61B69B54-07F5-40B1-97B1-8B3188904FE4}.Release|Any CPU.ActiveCfg = Release|Any CPU
		{61B69B54-07F5-40B1-97B1-8B3188904FE4}.Release|Any CPU.Build.0 = Release|Any CPU
		{292B1714-9E8B-4EAD-8268-1C3F6A021FAD}.Debug|Any CPU.ActiveCfg = Debug|Any CPU
		{292B1714-9E8B-4EAD-8268-1C3F6A021FAD}.Debug|Any CPU.Build.0 = Debug|Any CPU
		{292B1714-9E8B-4EAD-8268-1C3F6A021FAD}.Release|Any CPU.ActiveCfg = Release|Any CPU
		{292B1714-9E8B-4EAD-8268-1C3F6A021FAD}.Release|Any CPU.Build.0 = Release|Any CPU
		{90BFD252-C9D7-484A-A21A-B413F7D5EFF9}.Debug|Any CPU.ActiveCfg = Debug|Any CPU
		{90BFD252-C9D7-484A-A21A-B413F7D5EFF9}.Debug|Any CPU.Build.0 = Debug|Any CPU
		{90BFD252-C9D7-484A-A21A-B413F7D5EFF9}.Release|Any CPU.ActiveCfg = Release|Any CPU
		{90BFD252-C9D7-484A-A21A-B413F7D5EFF9}.Release|Any CPU.Build.0 = Release|Any CPU
		{CA2F2007-F5F4-419A-B62B-499D773448FF}.Debug|Any CPU.ActiveCfg = Debug|Any CPU
		{CA2F2007-F5F4-419A-B62B-499D773448FF}.Debug|Any CPU.Build.0 = Debug|Any CPU
		{CA2F2007-F5F4-419A-B62B-499D773448FF}.Release|Any CPU.ActiveCfg = Release|Any CPU
		{CA2F2007-F5F4-419A-B62B-499D773448FF}.Release|Any CPU.Build.0 = Release|Any CPU
		{28FF8FD5-BC7B-44C9-A937-9BB85AC983E5}.Debug|Any CPU.ActiveCfg = Debug|Any CPU
		{28FF8FD5-BC7B-44C9-A937-9BB85AC983E5}.Debug|Any CPU.Build.0 = Debug|Any CPU
		{28FF8FD5-BC7B-44C9-A937-9BB85AC983E5}.Release|Any CPU.ActiveCfg = Release|Any CPU
		{28FF8FD5-BC7B-44C9-A937-9BB85AC983E5}.Release|Any CPU.Build.0 = Release|Any CPU
		{06FA9DFF-74D8-4F48-A49E-92AF5CD6921D}.Debug|Any CPU.ActiveCfg = Debug|Any CPU
		{06FA9DFF-74D8-4F48-A49E-92AF5CD6921D}.Debug|Any CPU.Build.0 = Debug|Any CPU
		{06FA9DFF-74D8-4F48-A49E-92AF5CD6921D}.Release|Any CPU.ActiveCfg = Release|Any CPU
		{06FA9DFF-74D8-4F48-A49E-92AF5CD6921D}.Release|Any CPU.Build.0 = Release|Any CPU
		{E0BEE2BC-8BE1-4BB3-BC6D-DB15DAA338DC}.Debug|Any CPU.ActiveCfg = Debug|Any CPU
		{E0BEE2BC-8BE1-4BB3-BC6D-DB15DAA338DC}.Debug|Any CPU.Build.0 = Debug|Any CPU
		{E0BEE2BC-8BE1-4BB3-BC6D-DB15DAA338DC}.Release|Any CPU.ActiveCfg = Release|Any CPU
		{E0BEE2BC-8BE1-4BB3-BC6D-DB15DAA338DC}.Release|Any CPU.Build.0 = Release|Any CPU
		{6D3072F3-D24A-4105-A28D-F6C81D946DE6}.Debug|Any CPU.ActiveCfg = Debug|Any CPU
		{6D3072F3-D24A-4105-A28D-F6C81D946DE6}.Debug|Any CPU.Build.0 = Debug|Any CPU
		{6D3072F3-D24A-4105-A28D-F6C81D946DE6}.Release|Any CPU.ActiveCfg = Release|Any CPU
		{6D3072F3-D24A-4105-A28D-F6C81D946DE6}.Release|Any CPU.Build.0 = Release|Any CPU
	EndGlobalSection
	GlobalSection(SolutionProperties) = preSolution
		HideSolutionNode = FALSE
	EndGlobalSection
	GlobalSection(NestedProjects) = preSolution
		{6227C55F-9F69-40FF-A9CB-2A5EED91CAFB} = {F29906F5-568C-47F1-A24E-D60217046BE0}
		{6A203FD1-EA47-48F3-AF88-87C942BDF205} = {F29906F5-568C-47F1-A24E-D60217046BE0}
		{E0D76192-C583-48E1-91B6-644C1165F675} = {1306040A-6A82-453E-998F-EC2477A000B3}
		{2EF7FB93-A3A8-419E-95C3-1FFA3B72F7C1} = {1306040A-6A82-453E-998F-EC2477A000B3}
		{4BE6A4A8-DF47-451B-BB99-EA6C0499C815} = {6227C55F-9F69-40FF-A9CB-2A5EED91CAFB}
		{D914211C-4F35-4578-BF7B-DAE1F707357E} = {E0D76192-C583-48E1-91B6-644C1165F675}
		{D8BB0946-B10D-4C9C-9D89-5B50722C464D} = {6227C55F-9F69-40FF-A9CB-2A5EED91CAFB}
		{EE54020F-F7DF-4C9A-B48A-FE43D7E9D5BE} = {D8BB0946-B10D-4C9C-9D89-5B50722C464D}
		{93BCCB0A-1741-4C61-89DE-98276203E23F} = {E0D76192-C583-48E1-91B6-644C1165F675}
		{A593C03D-C825-4BF9-9654-81E33D2A91BC} = {4BE6A4A8-DF47-451B-BB99-EA6C0499C815}
		{55826F07-0893-414C-A691-3D032691A2B3} = {93BCCB0A-1741-4C61-89DE-98276203E23F}
		{E7A219EB-00D7-485A-BF43-2B8347E80EA0} = {D914211C-4F35-4578-BF7B-DAE1F707357E}
		{F46D94FA-CDAF-480E-93E2-B9F203F6BFD0} = {D914211C-4F35-4578-BF7B-DAE1F707357E}
		{BAB14166-BDB6-4AD2-A607-6B87158772CB} = {93BCCB0A-1741-4C61-89DE-98276203E23F}
		{61B69B54-07F5-40B1-97B1-8B3188904FE4} = {2EF7FB93-A3A8-419E-95C3-1FFA3B72F7C1}
		{292B1714-9E8B-4EAD-8268-1C3F6A021FAD} = {2EF7FB93-A3A8-419E-95C3-1FFA3B72F7C1}
		{90BFD252-C9D7-484A-A21A-B413F7D5EFF9} = {2EF7FB93-A3A8-419E-95C3-1FFA3B72F7C1}
		{CA2F2007-F5F4-419A-B62B-499D773448FF} = {2EF7FB93-A3A8-419E-95C3-1FFA3B72F7C1}
		{8F94F71F-BE7E-4CA9-97FF-B196E17D9FC3} = {3C20AA98-8727-403A-AB09-B40C32F1F155}
		{4C6B2B28-24A1-4E77-9AA5-89086E3E9130} = {8F94F71F-BE7E-4CA9-97FF-B196E17D9FC3}
		{4ABEB72A-246E-414A-A38C-98D5BF3B189D} = {8F94F71F-BE7E-4CA9-97FF-B196E17D9FC3}
		{28FF8FD5-BC7B-44C9-A937-9BB85AC983E5} = {4C6B2B28-24A1-4E77-9AA5-89086E3E9130}
		{06FA9DFF-74D8-4F48-A49E-92AF5CD6921D} = {4ABEB72A-246E-414A-A38C-98D5BF3B189D}
		{E0BEE2BC-8BE1-4BB3-BC6D-DB15DAA338DC} = {4C6B2B28-24A1-4E77-9AA5-89086E3E9130}
		{6D3072F3-D24A-4105-A28D-F6C81D946DE6} = {D8BB0946-B10D-4C9C-9D89-5B50722C464D}
	EndGlobalSection
	GlobalSection(ExtensibilityGlobals) = postSolution
		SolutionGuid = {953B31FE-103E-46FB-B7EF-AB77CCF9886B}
	EndGlobalSection
EndGlobal
